
Microsoft Visual Studio Solution File, Format Version 12.00
# Visual Studio Version 17
VisualStudioVersion = 17.12.35527.113 d17.12
MinimumVisualStudioVersion = 10.0.40219.1
Project("{FAE04EC0-301F-11D3-BF4B-00C04F79EFBC}") = "PRN222_Beverage_Website_Project", "PRN222_Beverage_Website_Project\PRN222_Beverage_Website_Project.csproj", "{3DCC93E1-6916-4478-AC09-47F7D31C1EB9}"
EndProject
Global
	GlobalSection(SolutionConfigurationPlatforms) = preSolution
		Debug|Any CPU = Debug|Any CPU
		Release|Any CPU = Release|Any CPU
	EndGlobalSection
	GlobalSection(ProjectConfigurationPlatforms) = postSolution
		{3DCC93E1-6916-4478-AC09-47F7D31C1EB9}.Debug|Any CPU.ActiveCfg = Debug|Any CPU
		{3DCC93E1-6916-4478-AC09-47F7D31C1EB9}.Debug|Any CPU.Build.0 = Debug|Any CPU
		{3DCC93E1-6916-4478-AC09-47F7D31C1EB9}.Release|Any CPU.ActiveCfg = Release|Any CPU
		{3DCC93E1-6916-4478-AC09-47F7D31C1EB9}.Release|Any CPU.Build.0 = Release|Any CPU
	EndGlobalSection
	GlobalSection(SolutionProperties) = preSolution
		HideSolutionNode = FALSE
	EndGlobalSection
EndGlobal
